
Microsoft Visual Studio Solution File, Format Version 12.00
# Visual Studio Version 16
VisualStudioVersion = 16.0.30002.166
MinimumVisualStudioVersion = 10.0.40219.1
Project("{FAE04EC0-301F-11D3-BF4B-00C04F79EFBC}") = "ROsDataManager", "ROsDataManager\ROsDataManager.csproj", "{B26F0B3A-B977-464E-BFBF-1DCEC1E903EC}"
EndProject
Project("{00D1A9C2-B5F0-4AF3-8072-F6C62B433612}") = "ROsData", "ROsData\ROsData.sqlproj", "{8FE16FCD-55F9-4650-96E0-C1459818806C}"
EndProject
Project("{FAE04EC0-301F-11D3-BF4B-00C04F79EFBC}") = "ROsWPFUserInterface", "ROsWPFUserInterface\ROsWPFUserInterface.csproj", "{0A56D71A-D1B1-4C60-AF9F-BD783492A873}"
EndProject
Project("{FAE04EC0-301F-11D3-BF4B-00C04F79EFBC}") = "ROsDataManager.Library", "ROsDataManager.Library\ROsDataManager.Library.csproj", "{A01C2D3C-A278-45F3-89F6-F05F4B4FA9B5}"
EndProject
Global
	GlobalSection(SolutionConfigurationPlatforms) = preSolution
		Debug|Any CPU = Debug|Any CPU
		Release|Any CPU = Release|Any CPU
	EndGlobalSection
	GlobalSection(ProjectConfigurationPlatforms) = postSolution
		{B26F0B3A-B977-464E-BFBF-1DCEC1E903EC}.Debug|Any CPU.ActiveCfg = Debug|Any CPU
		{B26F0B3A-B977-464E-BFBF-1DCEC1E903EC}.Debug|Any CPU.Build.0 = Debug|Any CPU
		{B26F0B3A-B977-464E-BFBF-1DCEC1E903EC}.Release|Any CPU.ActiveCfg = Release|Any CPU
		{B26F0B3A-B977-464E-BFBF-1DCEC1E903EC}.Release|Any CPU.Build.0 = Release|Any CPU
		{8FE16FCD-55F9-4650-96E0-C1459818806C}.Debug|Any CPU.ActiveCfg = Debug|Any CPU
		{8FE16FCD-55F9-4650-96E0-C1459818806C}.Debug|Any CPU.Build.0 = Debug|Any CPU
		{8FE16FCD-55F9-4650-96E0-C1459818806C}.Debug|Any CPU.Deploy.0 = Debug|Any CPU
		{8FE16FCD-55F9-4650-96E0-C1459818806C}.Release|Any CPU.ActiveCfg = Release|Any CPU
		{8FE16FCD-55F9-4650-96E0-C1459818806C}.Release|Any CPU.Build.0 = Release|Any CPU
		{8FE16FCD-55F9-4650-96E0-C1459818806C}.Release|Any CPU.Deploy.0 = Release|Any CPU
		{0A56D71A-D1B1-4C60-AF9F-BD783492A873}.Debug|Any CPU.ActiveCfg = Debug|Any CPU
		{0A56D71A-D1B1-4C60-AF9F-BD783492A873}.Debug|Any CPU.Build.0 = Debug|Any CPU
		{0A56D71A-D1B1-4C60-AF9F-BD783492A873}.Release|Any CPU.ActiveCfg = Release|Any CPU
		{0A56D71A-D1B1-4C60-AF9F-BD783492A873}.Release|Any CPU.Build.0 = Release|Any CPU
		{A01C2D3C-A278-45F3-89F6-F05F4B4FA9B5}.Debug|Any CPU.ActiveCfg = Debug|Any CPU
		{A01C2D3C-A278-45F3-89F6-F05F4B4FA9B5}.Debug|Any CPU.Build.0 = Debug|Any CPU
		{A01C2D3C-A278-45F3-89F6-F05F4B4FA9B5}.Release|Any CPU.ActiveCfg = Release|Any CPU
		{A01C2D3C-A278-45F3-89F6-F05F4B4FA9B5}.Release|Any CPU.Build.0 = Release|Any CPU
	EndGlobalSection
	GlobalSection(SolutionProperties) = preSolution
		HideSolutionNode = FALSE
	EndGlobalSection
	GlobalSection(ExtensibilityGlobals) = postSolution
		SolutionGuid = {2CB28397-45B9-4C4D-A916-1EE1A091B1ED}
	EndGlobalSection
EndGlobal
