
Microsoft Visual Studio Solution File, Format Version 12.00
# Visual Studio Version 16
VisualStudioVersion = 16.0.30002.166
MinimumVisualStudioVersion = 10.0.40219.1
Project("{00D1A9C2-B5F0-4AF3-8072-F6C62B433612}") = "ROsData", "ROsData\ROsData.sqlproj", "{8FE16FCD-55F9-4650-96E0-C1459818806C}"
EndProject
Project("{9A19103F-16F7-4668-BE54-9A1E7A4F7556}") = "ROsWPFUserInterface", "ROsWPFUserInterface\ROsWPFUserInterface.csproj", "{0A56D71A-D1B1-4C60-AF9F-BD783492A873}"
EndProject
Project("{9A19103F-16F7-4668-BE54-9A1E7A4F7556}") = "ROsDataManager.Library", "ROsDataManager.Library\ROsDataManager.Library.csproj", "{A01C2D3C-A278-45F3-89F6-F05F4B4FA9B5}"
EndProject
Project("{9A19103F-16F7-4668-BE54-9A1E7A4F7556}") = "ROsWPFUserInterface.Library", "ROsWPFUserInterface.Library\ROsWPFUserInterface.Library.csproj", "{8E25F07B-F3C5-422C-9BA5-90C0D1D0BA30}"
EndProject
Project("{2150E333-8FDC-42A3-9474-1A3956D46DE8}") = "Database", "Database", "{98D583CB-6CA7-40A4-AF01-E5C40221AB30}"
EndProject
Project("{2150E333-8FDC-42A3-9474-1A3956D46DE8}") = "API", "API", "{0A130F9E-9C31-4492-AF3A-77142946A608}"
EndProject
Project("{2150E333-8FDC-42A3-9474-1A3956D46DE8}") = "WPF", "WPF", "{C5794569-4B93-4044-8B5B-1EC9191ADF55}"
EndProject
Project("{9A19103F-16F7-4668-BE54-9A1E7A4F7556}") = "ROsApi", "ROsApi\ROsApi.csproj", "{D13248CE-F5D8-447F-92CD-A2B97CB46CA6}"
EndProject
Global
	GlobalSection(SolutionConfigurationPlatforms) = preSolution
		Debug|Any CPU = Debug|Any CPU
		Release|Any CPU = Release|Any CPU
	EndGlobalSection
	GlobalSection(ProjectConfigurationPlatforms) = postSolution
		{8FE16FCD-55F9-4650-96E0-C1459818806C}.Debug|Any CPU.ActiveCfg = Debug|Any CPU
		{8FE16FCD-55F9-4650-96E0-C1459818806C}.Debug|Any CPU.Build.0 = Debug|Any CPU
		{8FE16FCD-55F9-4650-96E0-C1459818806C}.Debug|Any CPU.Deploy.0 = Debug|Any CPU
		{8FE16FCD-55F9-4650-96E0-C1459818806C}.Release|Any CPU.ActiveCfg = Release|Any CPU
		{8FE16FCD-55F9-4650-96E0-C1459818806C}.Release|Any CPU.Build.0 = Release|Any CPU
		{8FE16FCD-55F9-4650-96E0-C1459818806C}.Release|Any CPU.Deploy.0 = Release|Any CPU
		{0A56D71A-D1B1-4C60-AF9F-BD783492A873}.Debug|Any CPU.ActiveCfg = Debug|Any CPU
		{0A56D71A-D1B1-4C60-AF9F-BD783492A873}.Debug|Any CPU.Build.0 = Debug|Any CPU
		{0A56D71A-D1B1-4C60-AF9F-BD783492A873}.Release|Any CPU.ActiveCfg = Release|Any CPU
		{0A56D71A-D1B1-4C60-AF9F-BD783492A873}.Release|Any CPU.Build.0 = Release|Any CPU
		{A01C2D3C-A278-45F3-89F6-F05F4B4FA9B5}.Debug|Any CPU.ActiveCfg = Debug|Any CPU
		{A01C2D3C-A278-45F3-89F6-F05F4B4FA9B5}.Debug|Any CPU.Build.0 = Debug|Any CPU
		{A01C2D3C-A278-45F3-89F6-F05F4B4FA9B5}.Release|Any CPU.ActiveCfg = Release|Any CPU
		{A01C2D3C-A278-45F3-89F6-F05F4B4FA9B5}.Release|Any CPU.Build.0 = Release|Any CPU
		{8E25F07B-F3C5-422C-9BA5-90C0D1D0BA30}.Debug|Any CPU.ActiveCfg = Debug|Any CPU
		{8E25F07B-F3C5-422C-9BA5-90C0D1D0BA30}.Debug|Any CPU.Build.0 = Debug|Any CPU
		{8E25F07B-F3C5-422C-9BA5-90C0D1D0BA30}.Release|Any CPU.ActiveCfg = Release|Any CPU
		{8E25F07B-F3C5-422C-9BA5-90C0D1D0BA30}.Release|Any CPU.Build.0 = Release|Any CPU
		{D13248CE-F5D8-447F-92CD-A2B97CB46CA6}.Debug|Any CPU.ActiveCfg = Debug|Any CPU
		{D13248CE-F5D8-447F-92CD-A2B97CB46CA6}.Debug|Any CPU.Build.0 = Debug|Any CPU
		{D13248CE-F5D8-447F-92CD-A2B97CB46CA6}.Release|Any CPU.ActiveCfg = Release|Any CPU
		{D13248CE-F5D8-447F-92CD-A2B97CB46CA6}.Release|Any CPU.Build.0 = Release|Any CPU
	EndGlobalSection
	GlobalSection(SolutionProperties) = preSolution
		HideSolutionNode = FALSE
	EndGlobalSection
	GlobalSection(NestedProjects) = preSolution
		{8FE16FCD-55F9-4650-96E0-C1459818806C} = {98D583CB-6CA7-40A4-AF01-E5C40221AB30}
		{0A56D71A-D1B1-4C60-AF9F-BD783492A873} = {C5794569-4B93-4044-8B5B-1EC9191ADF55}
		{A01C2D3C-A278-45F3-89F6-F05F4B4FA9B5} = {0A130F9E-9C31-4492-AF3A-77142946A608}
		{8E25F07B-F3C5-422C-9BA5-90C0D1D0BA30} = {C5794569-4B93-4044-8B5B-1EC9191ADF55}
		{D13248CE-F5D8-447F-92CD-A2B97CB46CA6} = {0A130F9E-9C31-4492-AF3A-77142946A608}
	EndGlobalSection
	GlobalSection(ExtensibilityGlobals) = postSolution
		SolutionGuid = {2CB28397-45B9-4C4D-A916-1EE1A091B1ED}
	EndGlobalSection
EndGlobal
